
Microsoft Visual Studio Solution File, Format Version 12.00
# Visual Studio Version 17
VisualStudioVersion = 17.13.35931.197 d17.13
MinimumVisualStudioVersion = 10.0.40219.1
Project("{FAE04EC0-301F-11D3-BF4B-00C04F79EFBC}") = "Spill The Beanz Coffee Shop API", "Spill The Beanz Coffee Shop API.csproj", "{8094D197-5406-4663-8821-1491D625271D}"
EndProject
Global
	GlobalSection(SolutionConfigurationPlatforms) = preSolution
		Debug|Any CPU = Debug|Any CPU
		Release|Any CPU = Release|Any CPU
	EndGlobalSection
	GlobalSection(ProjectConfigurationPlatforms) = postSolution
		{8094D197-5406-4663-8821-1491D625271D}.Debug|Any CPU.ActiveCfg = Debug|Any CPU
		{8094D197-5406-4663-8821-1491D625271D}.Debug|Any CPU.Build.0 = Debug|Any CPU
		{8094D197-5406-4663-8821-1491D625271D}.Release|Any CPU.ActiveCfg = Release|Any CPU
		{8094D197-5406-4663-8821-1491D625271D}.Release|Any CPU.Build.0 = Release|Any CPU
	EndGlobalSection
	GlobalSection(SolutionProperties) = preSolution
		HideSolutionNode = FALSE
	EndGlobalSection
	GlobalSection(ExtensibilityGlobals) = postSolution
		SolutionGuid = {990F3B7B-CB88-4717-A718-EEF614834778}
	EndGlobalSection
EndGlobal
